
Microsoft Visual Studio Solution File, Format Version 12.00
# Visual Studio Version 17
VisualStudioVersion = 17.7.34009.444
MinimumVisualStudioVersion = 10.0.40219.1
Project("{FAE04EC0-301F-11D3-BF4B-00C04F79EFBC}") = "AdvancedCalculator", "AdvancedCalculator.csproj", "{B8ABA40A-CB19-4725-900C-B33537D26D63}"
EndProject
Global
	GlobalSection(SolutionConfigurationPlatforms) = preSolution
		Debug|Any CPU = Debug|Any CPU
		Release|Any CPU = Release|Any CPU
	EndGlobalSection
	GlobalSection(ProjectConfigurationPlatforms) = postSolution
		{B8ABA40A-CB19-4725-900C-B33537D26D63}.Debug|Any CPU.ActiveCfg = Debug|Any CPU
		{B8ABA40A-CB19-4725-900C-B33537D26D63}.Debug|Any CPU.Build.0 = Debug|Any CPU
		{B8ABA40A-CB19-4725-900C-B33537D26D63}.Release|Any CPU.ActiveCfg = Release|Any CPU
		{B8ABA40A-CB19-4725-900C-B33537D26D63}.Release|Any CPU.Build.0 = Release|Any CPU
	EndGlobalSection
	GlobalSection(SolutionProperties) = preSolution
		HideSolutionNode = FALSE
	EndGlobalSection
	GlobalSection(ExtensibilityGlobals) = postSolution
		SolutionGuid = {087AB2BF-8292-4D95-98AA-BE234357E36C}
	EndGlobalSection
EndGlobal
