
Microsoft Visual Studio Solution File, Format Version 12.00
# Visual Studio Version 17
VisualStudioVersion = 17.7.34009.444
MinimumVisualStudioVersion = 10.0.40219.1
Project("{FAE04EC0-301F-11D3-BF4B-00C04F79EFBC}") = "Stone_Paper_Scissors-Game", "Stone_Paper_Scissors-Game.csproj", "{96B8F85E-546E-43A1-BE79-F753CC4D7E77}"
EndProject
Global
	GlobalSection(SolutionConfigurationPlatforms) = preSolution
		Debug|Any CPU = Debug|Any CPU
		Release|Any CPU = Release|Any CPU
	EndGlobalSection
	GlobalSection(ProjectConfigurationPlatforms) = postSolution
		{96B8F85E-546E-43A1-BE79-F753CC4D7E77}.Debug|Any CPU.ActiveCfg = Debug|Any CPU
		{96B8F85E-546E-43A1-BE79-F753CC4D7E77}.Debug|Any CPU.Build.0 = Debug|Any CPU
		{96B8F85E-546E-43A1-BE79-F753CC4D7E77}.Release|Any CPU.ActiveCfg = Release|Any CPU
		{96B8F85E-546E-43A1-BE79-F753CC4D7E77}.Release|Any CPU.Build.0 = Release|Any CPU
	EndGlobalSection
	GlobalSection(SolutionProperties) = preSolution
		HideSolutionNode = FALSE
	EndGlobalSection
	GlobalSection(ExtensibilityGlobals) = postSolution
		SolutionGuid = {8BA54CD2-BDBC-470D-9C47-B52704995C85}
	EndGlobalSection
EndGlobal
