
Microsoft Visual Studio Solution File, Format Version 12.00
# Visual Studio Version 17
VisualStudioVersion = 17.7.34009.444
MinimumVisualStudioVersion = 10.0.40219.1
Project("{FAE04EC0-301F-11D3-BF4B-00C04F79EFBC}") = "MemoryGame", "MemoryGame.csproj", "{47031D5C-B848-4A7A-8BE9-6783F47261D6}"
EndProject
Global
	GlobalSection(SolutionConfigurationPlatforms) = preSolution
		Debug|Any CPU = Debug|Any CPU
		Release|Any CPU = Release|Any CPU
	EndGlobalSection
	GlobalSection(ProjectConfigurationPlatforms) = postSolution
		{47031D5C-B848-4A7A-8BE9-6783F47261D6}.Debug|Any CPU.ActiveCfg = Debug|Any CPU
		{47031D5C-B848-4A7A-8BE9-6783F47261D6}.Debug|Any CPU.Build.0 = Debug|Any CPU
		{47031D5C-B848-4A7A-8BE9-6783F47261D6}.Release|Any CPU.ActiveCfg = Release|Any CPU
		{47031D5C-B848-4A7A-8BE9-6783F47261D6}.Release|Any CPU.Build.0 = Release|Any CPU
	EndGlobalSection
	GlobalSection(SolutionProperties) = preSolution
		HideSolutionNode = FALSE
	EndGlobalSection
	GlobalSection(ExtensibilityGlobals) = postSolution
		SolutionGuid = {96DB5727-0CA7-4354-A86B-2D4A780E32E8}
	EndGlobalSection
EndGlobal
